
Microsoft Visual Studio Solution File, Format Version 12.00
# Visual Studio 15
VisualStudioVersion = 15.0.26124.0
MinimumVisualStudioVersion = 15.0.26124.0
Project("{2150E333-8FDC-42A3-9474-1A3956D46DE8}") = "src", "src", "{E0D4A388-09CD-44EF-8897-13A7FEC9EDBF}"
EndProject
Project("{FAE04EC0-301F-11D3-BF4B-00C04F79EFBC}") = "Api", "src\Api\Api.csproj", "{8F2F1C96-E52B-48F0-BD77-A6CC4FBB301B}"
EndProject
Project("{FAE04EC0-301F-11D3-BF4B-00C04F79EFBC}") = "Core", "src\Core\Core.csproj", "{7BAE7A8D-90EC-4B15-82CA-78E9FDB0DF9C}"
EndProject
Project("{FAE04EC0-301F-11D3-BF4B-00C04F79EFBC}") = "Infraestructure", "src\Infraestructure\Infraestructure.csproj", "{ABCD534C-B1A3-4BEC-9691-35F7C325633B}"
EndProject
Global
	GlobalSection(SolutionConfigurationPlatforms) = preSolution
		Debug|Any CPU = Debug|Any CPU
		Debug|x64 = Debug|x64
		Debug|x86 = Debug|x86
		Release|Any CPU = Release|Any CPU
		Release|x64 = Release|x64
		Release|x86 = Release|x86
	EndGlobalSection
	GlobalSection(SolutionProperties) = preSolution
		HideSolutionNode = FALSE
	EndGlobalSection
	GlobalSection(ProjectConfigurationPlatforms) = postSolution
		{8F2F1C96-E52B-48F0-BD77-A6CC4FBB301B}.Debug|Any CPU.ActiveCfg = Debug|Any CPU
		{8F2F1C96-E52B-48F0-BD77-A6CC4FBB301B}.Debug|Any CPU.Build.0 = Debug|Any CPU
		{8F2F1C96-E52B-48F0-BD77-A6CC4FBB301B}.Debug|x64.ActiveCfg = Debug|Any CPU
		{8F2F1C96-E52B-48F0-BD77-A6CC4FBB301B}.Debug|x64.Build.0 = Debug|Any CPU
		{8F2F1C96-E52B-48F0-BD77-A6CC4FBB301B}.Debug|x86.ActiveCfg = Debug|Any CPU
		{8F2F1C96-E52B-48F0-BD77-A6CC4FBB301B}.Debug|x86.Build.0 = Debug|Any CPU
		{8F2F1C96-E52B-48F0-BD77-A6CC4FBB301B}.Release|Any CPU.ActiveCfg = Release|Any CPU
		{8F2F1C96-E52B-48F0-BD77-A6CC4FBB301B}.Release|Any CPU.Build.0 = Release|Any CPU
		{8F2F1C96-E52B-48F0-BD77-A6CC4FBB301B}.Release|x64.ActiveCfg = Release|Any CPU
		{8F2F1C96-E52B-48F0-BD77-A6CC4FBB301B}.Release|x64.Build.0 = Release|Any CPU
		{8F2F1C96-E52B-48F0-BD77-A6CC4FBB301B}.Release|x86.ActiveCfg = Release|Any CPU
		{8F2F1C96-E52B-48F0-BD77-A6CC4FBB301B}.Release|x86.Build.0 = Release|Any CPU
		{7BAE7A8D-90EC-4B15-82CA-78E9FDB0DF9C}.Debug|Any CPU.ActiveCfg = Debug|Any CPU
		{7BAE7A8D-90EC-4B15-82CA-78E9FDB0DF9C}.Debug|Any CPU.Build.0 = Debug|Any CPU
		{7BAE7A8D-90EC-4B15-82CA-78E9FDB0DF9C}.Debug|x64.ActiveCfg = Debug|Any CPU
		{7BAE7A8D-90EC-4B15-82CA-78E9FDB0DF9C}.Debug|x64.Build.0 = Debug|Any CPU
		{7BAE7A8D-90EC-4B15-82CA-78E9FDB0DF9C}.Debug|x86.ActiveCfg = Debug|Any CPU
		{7BAE7A8D-90EC-4B15-82CA-78E9FDB0DF9C}.Debug|x86.Build.0 = Debug|Any CPU
		{7BAE7A8D-90EC-4B15-82CA-78E9FDB0DF9C}.Release|Any CPU.ActiveCfg = Release|Any CPU
		{7BAE7A8D-90EC-4B15-82CA-78E9FDB0DF9C}.Release|Any CPU.Build.0 = Release|Any CPU
		{7BAE7A8D-90EC-4B15-82CA-78E9FDB0DF9C}.Release|x64.ActiveCfg = Release|Any CPU
		{7BAE7A8D-90EC-4B15-82CA-78E9FDB0DF9C}.Release|x64.Build.0 = Release|Any CPU
		{7BAE7A8D-90EC-4B15-82CA-78E9FDB0DF9C}.Release|x86.ActiveCfg = Release|Any CPU
		{7BAE7A8D-90EC-4B15-82CA-78E9FDB0DF9C}.Release|x86.Build.0 = Release|Any CPU
		{ABCD534C-B1A3-4BEC-9691-35F7C325633B}.Debug|Any CPU.ActiveCfg = Debug|Any CPU
		{ABCD534C-B1A3-4BEC-9691-35F7C325633B}.Debug|Any CPU.Build.0 = Debug|Any CPU
		{ABCD534C-B1A3-4BEC-9691-35F7C325633B}.Debug|x64.ActiveCfg = Debug|Any CPU
		{ABCD534C-B1A3-4BEC-9691-35F7C325633B}.Debug|x64.Build.0 = Debug|Any CPU
		{ABCD534C-B1A3-4BEC-9691-35F7C325633B}.Debug|x86.ActiveCfg = Debug|Any CPU
		{ABCD534C-B1A3-4BEC-9691-35F7C325633B}.Debug|x86.Build.0 = Debug|Any CPU
		{ABCD534C-B1A3-4BEC-9691-35F7C325633B}.Release|Any CPU.ActiveCfg = Release|Any CPU
		{ABCD534C-B1A3-4BEC-9691-35F7C325633B}.Release|Any CPU.Build.0 = Release|Any CPU
		{ABCD534C-B1A3-4BEC-9691-35F7C325633B}.Release|x64.ActiveCfg = Release|Any CPU
		{ABCD534C-B1A3-4BEC-9691-35F7C325633B}.Release|x64.Build.0 = Release|Any CPU
		{ABCD534C-B1A3-4BEC-9691-35F7C325633B}.Release|x86.ActiveCfg = Release|Any CPU
		{ABCD534C-B1A3-4BEC-9691-35F7C325633B}.Release|x86.Build.0 = Release|Any CPU
	EndGlobalSection
	GlobalSection(NestedProjects) = preSolution
		{8F2F1C96-E52B-48F0-BD77-A6CC4FBB301B} = {E0D4A388-09CD-44EF-8897-13A7FEC9EDBF}
		{7BAE7A8D-90EC-4B15-82CA-78E9FDB0DF9C} = {E0D4A388-09CD-44EF-8897-13A7FEC9EDBF}
		{ABCD534C-B1A3-4BEC-9691-35F7C325633B} = {E0D4A388-09CD-44EF-8897-13A7FEC9EDBF}
	EndGlobalSection
EndGlobal
